
Microsoft Visual Studio Solution File, Format Version 12.00
# Visual Studio Version 16
VisualStudioVersion = 16.0.32407.337
MinimumVisualStudioVersion = 10.0.40219.1
Project("{FAE04EC0-301F-11D3-BF4B-00C04F79EFBC}") = "WPFDemo", "WPFDemo.csproj", "{1E5C6C4B-709A-4109-B9AA-83644EA8AF18}"
EndProject
Global
	GlobalSection(SolutionConfigurationPlatforms) = preSolution
		Debug|Any CPU = Debug|Any CPU
		Release|Any CPU = Release|Any CPU
	EndGlobalSection
	GlobalSection(ProjectConfigurationPlatforms) = postSolution
		{1E5C6C4B-709A-4109-B9AA-83644EA8AF18}.Debug|Any CPU.ActiveCfg = Debug|Any CPU
		{1E5C6C4B-709A-4109-B9AA-83644EA8AF18}.Debug|Any CPU.Build.0 = Debug|Any CPU
		{1E5C6C4B-709A-4109-B9AA-83644EA8AF18}.Release|Any CPU.ActiveCfg = Release|Any CPU
		{1E5C6C4B-709A-4109-B9AA-83644EA8AF18}.Release|Any CPU.Build.0 = Release|Any CPU
	EndGlobalSection
	GlobalSection(SolutionProperties) = preSolution
		HideSolutionNode = FALSE
	EndGlobalSection
	GlobalSection(ExtensibilityGlobals) = postSolution
		SolutionGuid = {54BB0E56-1D5F-48E1-8064-FC7D98A75597}
	EndGlobalSection
EndGlobal
